
Microsoft Visual Studio Solution File, Format Version 12.00
# Visual Studio 15
VisualStudioVersion = 15.0.26430.14
MinimumVisualStudioVersion = 10.0.40219.1
Project("{2150E333-8FDC-42A3-9474-1A3956D46DE8}") = "MidiBot", "MidiBot", "{6C722743-B606-4FE2-A151-3905C05F7634}"
EndProject
Project("{2150E333-8FDC-42A3-9474-1A3956D46DE8}") = "Core", "Core", "{9F2A2445-46F8-4EE2-A594-5E7C2B02DF33}"
EndProject
Project("{2150E333-8FDC-42A3-9474-1A3956D46DE8}") = "View", "View", "{7199FAD1-6AD0-445F-8060-922BC01DBE93}"
EndProject
Project("{2150E333-8FDC-42A3-9474-1A3956D46DE8}") = "Libs", "Libs", "{7190D3F3-75E3-4E62-B1EC-B67CC8EA2C55}"
EndProject
Project("{2150E333-8FDC-42A3-9474-1A3956D46DE8}") = "Model", "Model", "{2FDEBFA3-0323-48BA-A8C9-151A3D0DE229}"
EndProject
Project("{2150E333-8FDC-42A3-9474-1A3956D46DE8}") = "Presenter", "Presenter", "{E2AD9C6D-0E82-4D86-AF55-1C74B92BFBE8}"
EndProject
Project("{FAE04EC0-301F-11D3-BF4B-00C04F79EFBC}") = "MidiBot", "MidiBot\MidiBot.csproj", "{4334B5C7-E0E8-45AC-8D30-ECAF8AB42117}"
EndProject
Project("{2150E333-8FDC-42A3-9474-1A3956D46DE8}") = "Shared", "Shared", "{2E958279-47B0-478C-99B0-57007127F431}"
EndProject
Project("{FAE04EC0-301F-11D3-BF4B-00C04F79EFBC}") = "DTO", "Shared\DTO\DTO.csproj", "{08D31C25-97CC-4990-A586-1FF6EB5B720F}"
EndProject
Project("{FAE04EC0-301F-11D3-BF4B-00C04F79EFBC}") = "Interfaces", "Shared\Interfaces\Interfaces.csproj", "{2600F83B-2069-4825-889A-EBBF2E75E4F0}"
EndProject
Project("{FAE04EC0-301F-11D3-BF4B-00C04F79EFBC}") = "MidiLib", "Libs\MidiLib\MidiLib.csproj", "{55BCD6CF-3A09-4381-833A-F9F2ABAC5BFB}"
EndProject
Project("{FAE04EC0-301F-11D3-BF4B-00C04F79EFBC}") = "UsbLib", "Libs\UsbLib\UsbLib.csproj", "{1C31ED3F-24E6-4419-832A-0CE658CA4A85}"
EndProject
Project("{8BC9CEB8-8B4A-11D0-8D11-00A0C91BC942}") = "UsbCppLib", "Libs\UsbCppLib\UsbCppLib.vcxproj", "{7D7D771A-D1AB-4909-8236-E8DF38ADBD07}"
EndProject
Global
	GlobalSection(SolutionConfigurationPlatforms) = preSolution
		Debug|Any CPU = Debug|Any CPU
		Debug|x64 = Debug|x64
		Debug|x86 = Debug|x86
		Release|Any CPU = Release|Any CPU
		Release|x64 = Release|x64
		Release|x86 = Release|x86
	EndGlobalSection
	GlobalSection(ProjectConfigurationPlatforms) = postSolution
		{4334B5C7-E0E8-45AC-8D30-ECAF8AB42117}.Debug|Any CPU.ActiveCfg = Debug|Any CPU
		{4334B5C7-E0E8-45AC-8D30-ECAF8AB42117}.Debug|Any CPU.Build.0 = Debug|Any CPU
		{4334B5C7-E0E8-45AC-8D30-ECAF8AB42117}.Debug|x64.ActiveCfg = Debug|Any CPU
		{4334B5C7-E0E8-45AC-8D30-ECAF8AB42117}.Debug|x64.Build.0 = Debug|Any CPU
		{4334B5C7-E0E8-45AC-8D30-ECAF8AB42117}.Debug|x86.ActiveCfg = Debug|Any CPU
		{4334B5C7-E0E8-45AC-8D30-ECAF8AB42117}.Debug|x86.Build.0 = Debug|Any CPU
		{4334B5C7-E0E8-45AC-8D30-ECAF8AB42117}.Release|Any CPU.ActiveCfg = Release|Any CPU
		{4334B5C7-E0E8-45AC-8D30-ECAF8AB42117}.Release|Any CPU.Build.0 = Release|Any CPU
		{4334B5C7-E0E8-45AC-8D30-ECAF8AB42117}.Release|x64.ActiveCfg = Release|Any CPU
		{4334B5C7-E0E8-45AC-8D30-ECAF8AB42117}.Release|x64.Build.0 = Release|Any CPU
		{4334B5C7-E0E8-45AC-8D30-ECAF8AB42117}.Release|x86.ActiveCfg = Release|Any CPU
		{4334B5C7-E0E8-45AC-8D30-ECAF8AB42117}.Release|x86.Build.0 = Release|Any CPU
		{08D31C25-97CC-4990-A586-1FF6EB5B720F}.Debug|Any CPU.ActiveCfg = Debug|Any CPU
		{08D31C25-97CC-4990-A586-1FF6EB5B720F}.Debug|Any CPU.Build.0 = Debug|Any CPU
		{08D31C25-97CC-4990-A586-1FF6EB5B720F}.Debug|x64.ActiveCfg = Debug|Any CPU
		{08D31C25-97CC-4990-A586-1FF6EB5B720F}.Debug|x64.Build.0 = Debug|Any CPU
		{08D31C25-97CC-4990-A586-1FF6EB5B720F}.Debug|x86.ActiveCfg = Debug|Any CPU
		{08D31C25-97CC-4990-A586-1FF6EB5B720F}.Debug|x86.Build.0 = Debug|Any CPU
		{08D31C25-97CC-4990-A586-1FF6EB5B720F}.Release|Any CPU.ActiveCfg = Release|Any CPU
		{08D31C25-97CC-4990-A586-1FF6EB5B720F}.Release|Any CPU.Build.0 = Release|Any CPU
		{08D31C25-97CC-4990-A586-1FF6EB5B720F}.Release|x64.ActiveCfg = Release|Any CPU
		{08D31C25-97CC-4990-A586-1FF6EB5B720F}.Release|x64.Build.0 = Release|Any CPU
		{08D31C25-97CC-4990-A586-1FF6EB5B720F}.Release|x86.ActiveCfg = Release|Any CPU
		{08D31C25-97CC-4990-A586-1FF6EB5B720F}.Release|x86.Build.0 = Release|Any CPU
		{2600F83B-2069-4825-889A-EBBF2E75E4F0}.Debug|Any CPU.ActiveCfg = Debug|Any CPU
		{2600F83B-2069-4825-889A-EBBF2E75E4F0}.Debug|Any CPU.Build.0 = Debug|Any CPU
		{2600F83B-2069-4825-889A-EBBF2E75E4F0}.Debug|x64.ActiveCfg = Debug|Any CPU
		{2600F83B-2069-4825-889A-EBBF2E75E4F0}.Debug|x64.Build.0 = Debug|Any CPU
		{2600F83B-2069-4825-889A-EBBF2E75E4F0}.Debug|x86.ActiveCfg = Debug|Any CPU
		{2600F83B-2069-4825-889A-EBBF2E75E4F0}.Debug|x86.Build.0 = Debug|Any CPU
		{2600F83B-2069-4825-889A-EBBF2E75E4F0}.Release|Any CPU.ActiveCfg = Release|Any CPU
		{2600F83B-2069-4825-889A-EBBF2E75E4F0}.Release|Any CPU.Build.0 = Release|Any CPU
		{2600F83B-2069-4825-889A-EBBF2E75E4F0}.Release|x64.ActiveCfg = Release|Any CPU
		{2600F83B-2069-4825-889A-EBBF2E75E4F0}.Release|x64.Build.0 = Release|Any CPU
		{2600F83B-2069-4825-889A-EBBF2E75E4F0}.Release|x86.ActiveCfg = Release|Any CPU
		{2600F83B-2069-4825-889A-EBBF2E75E4F0}.Release|x86.Build.0 = Release|Any CPU
		{55BCD6CF-3A09-4381-833A-F9F2ABAC5BFB}.Debug|Any CPU.ActiveCfg = Debug|Any CPU
		{55BCD6CF-3A09-4381-833A-F9F2ABAC5BFB}.Debug|Any CPU.Build.0 = Debug|Any CPU
		{55BCD6CF-3A09-4381-833A-F9F2ABAC5BFB}.Debug|x64.ActiveCfg = Debug|Any CPU
		{55BCD6CF-3A09-4381-833A-F9F2ABAC5BFB}.Debug|x64.Build.0 = Debug|Any CPU
		{55BCD6CF-3A09-4381-833A-F9F2ABAC5BFB}.Debug|x86.ActiveCfg = Debug|Any CPU
		{55BCD6CF-3A09-4381-833A-F9F2ABAC5BFB}.Debug|x86.Build.0 = Debug|Any CPU
		{55BCD6CF-3A09-4381-833A-F9F2ABAC5BFB}.Release|Any CPU.ActiveCfg = Release|Any CPU
		{55BCD6CF-3A09-4381-833A-F9F2ABAC5BFB}.Release|Any CPU.Build.0 = Release|Any CPU
		{55BCD6CF-3A09-4381-833A-F9F2ABAC5BFB}.Release|x64.ActiveCfg = Release|Any CPU
		{55BCD6CF-3A09-4381-833A-F9F2ABAC5BFB}.Release|x64.Build.0 = Release|Any CPU
		{55BCD6CF-3A09-4381-833A-F9F2ABAC5BFB}.Release|x86.ActiveCfg = Release|Any CPU
		{55BCD6CF-3A09-4381-833A-F9F2ABAC5BFB}.Release|x86.Build.0 = Release|Any CPU
		{1C31ED3F-24E6-4419-832A-0CE658CA4A85}.Debug|Any CPU.ActiveCfg = Debug|Any CPU
		{1C31ED3F-24E6-4419-832A-0CE658CA4A85}.Debug|Any CPU.Build.0 = Debug|Any CPU
		{1C31ED3F-24E6-4419-832A-0CE658CA4A85}.Debug|x64.ActiveCfg = Debug|Any CPU
		{1C31ED3F-24E6-4419-832A-0CE658CA4A85}.Debug|x64.Build.0 = Debug|Any CPU
		{1C31ED3F-24E6-4419-832A-0CE658CA4A85}.Debug|x86.ActiveCfg = Debug|Any CPU
		{1C31ED3F-24E6-4419-832A-0CE658CA4A85}.Debug|x86.Build.0 = Debug|Any CPU
		{1C31ED3F-24E6-4419-832A-0CE658CA4A85}.Release|Any CPU.ActiveCfg = Release|Any CPU
		{1C31ED3F-24E6-4419-832A-0CE658CA4A85}.Release|Any CPU.Build.0 = Release|Any CPU
		{1C31ED3F-24E6-4419-832A-0CE658CA4A85}.Release|x64.ActiveCfg = Release|Any CPU
		{1C31ED3F-24E6-4419-832A-0CE658CA4A85}.Release|x64.Build.0 = Release|Any CPU
		{1C31ED3F-24E6-4419-832A-0CE658CA4A85}.Release|x86.ActiveCfg = Release|Any CPU
		{1C31ED3F-24E6-4419-832A-0CE658CA4A85}.Release|x86.Build.0 = Release|Any CPU
		{7D7D771A-D1AB-4909-8236-E8DF38ADBD07}.Debug|Any CPU.ActiveCfg = Debug|Win32
		{7D7D771A-D1AB-4909-8236-E8DF38ADBD07}.Debug|x64.ActiveCfg = Debug|x64
		{7D7D771A-D1AB-4909-8236-E8DF38ADBD07}.Debug|x64.Build.0 = Debug|x64
		{7D7D771A-D1AB-4909-8236-E8DF38ADBD07}.Debug|x86.ActiveCfg = Debug|Win32
		{7D7D771A-D1AB-4909-8236-E8DF38ADBD07}.Debug|x86.Build.0 = Debug|Win32
		{7D7D771A-D1AB-4909-8236-E8DF38ADBD07}.Release|Any CPU.ActiveCfg = Release|Win32
		{7D7D771A-D1AB-4909-8236-E8DF38ADBD07}.Release|x64.ActiveCfg = Release|x64
		{7D7D771A-D1AB-4909-8236-E8DF38ADBD07}.Release|x64.Build.0 = Release|x64
		{7D7D771A-D1AB-4909-8236-E8DF38ADBD07}.Release|x86.ActiveCfg = Release|Win32
		{7D7D771A-D1AB-4909-8236-E8DF38ADBD07}.Release|x86.Build.0 = Release|Win32
	EndGlobalSection
	GlobalSection(SolutionProperties) = preSolution
		HideSolutionNode = FALSE
	EndGlobalSection
	GlobalSection(NestedProjects) = preSolution
		{9F2A2445-46F8-4EE2-A594-5E7C2B02DF33} = {6C722743-B606-4FE2-A151-3905C05F7634}
		{7199FAD1-6AD0-445F-8060-922BC01DBE93} = {6C722743-B606-4FE2-A151-3905C05F7634}
		{7190D3F3-75E3-4E62-B1EC-B67CC8EA2C55} = {9F2A2445-46F8-4EE2-A594-5E7C2B02DF33}
		{2FDEBFA3-0323-48BA-A8C9-151A3D0DE229} = {6C722743-B606-4FE2-A151-3905C05F7634}
		{E2AD9C6D-0E82-4D86-AF55-1C74B92BFBE8} = {6C722743-B606-4FE2-A151-3905C05F7634}
		{4334B5C7-E0E8-45AC-8D30-ECAF8AB42117} = {6C722743-B606-4FE2-A151-3905C05F7634}
		{2E958279-47B0-478C-99B0-57007127F431} = {9F2A2445-46F8-4EE2-A594-5E7C2B02DF33}
		{08D31C25-97CC-4990-A586-1FF6EB5B720F} = {2E958279-47B0-478C-99B0-57007127F431}
		{2600F83B-2069-4825-889A-EBBF2E75E4F0} = {2E958279-47B0-478C-99B0-57007127F431}
		{55BCD6CF-3A09-4381-833A-F9F2ABAC5BFB} = {7190D3F3-75E3-4E62-B1EC-B67CC8EA2C55}
		{1C31ED3F-24E6-4419-832A-0CE658CA4A85} = {7190D3F3-75E3-4E62-B1EC-B67CC8EA2C55}
		{7D7D771A-D1AB-4909-8236-E8DF38ADBD07} = {7190D3F3-75E3-4E62-B1EC-B67CC8EA2C55}
	EndGlobalSection
EndGlobal
